
Microsoft Visual Studio Solution File, Format Version 12.00
# Visual Studio Version 16
VisualStudioVersion = 16.0.30523.141
MinimumVisualStudioVersion = 10.0.40219.1
Project("{F2A71F9B-5D33-465A-A702-920D77279786}") = "UnitsOfMeasure", "UnitsOfMeasure\UnitsOfMeasure.fsproj", "{204B102A-CC77-4A33-A392-18E380D9C249}"
EndProject
Global
	GlobalSection(SolutionConfigurationPlatforms) = preSolution
		Debug|Any CPU = Debug|Any CPU
		Release|Any CPU = Release|Any CPU
	EndGlobalSection
	GlobalSection(ProjectConfigurationPlatforms) = postSolution
		{204B102A-CC77-4A33-A392-18E380D9C249}.Debug|Any CPU.ActiveCfg = Debug|Any CPU
		{204B102A-CC77-4A33-A392-18E380D9C249}.Debug|Any CPU.Build.0 = Debug|Any CPU
		{204B102A-CC77-4A33-A392-18E380D9C249}.Release|Any CPU.ActiveCfg = Release|Any CPU
		{204B102A-CC77-4A33-A392-18E380D9C249}.Release|Any CPU.Build.0 = Release|Any CPU
	EndGlobalSection
	GlobalSection(SolutionProperties) = preSolution
		HideSolutionNode = FALSE
	EndGlobalSection
	GlobalSection(ExtensibilityGlobals) = postSolution
		SolutionGuid = {9AAC046A-6C02-41E6-A2FB-1299FD2B568D}
	EndGlobalSection
EndGlobal
